
Microsoft Visual Studio Solution File, Format Version 12.00
# Visual Studio Version 17
VisualStudioVersion = 17.13.35828.75
MinimumVisualStudioVersion = 10.0.40219.1
Project("{FAE04EC0-301F-11D3-BF4B-00C04F79EFBC}") = "DynamicFormsApp.Server", "DynamicFormsApp\Server\DynamicFormsApp.Server.csproj", "{4363AF4B-645E-4971-B3D8-69C267C6CE32}"
EndProject
Project("{FAE04EC0-301F-11D3-BF4B-00C04F79EFBC}") = "DynamicFormsApp.Client", "DynamicFormsApp\Client\DynamicFormsApp.Client.csproj", "{C6DE6B14-B76A-43F1-BAED-4D3F32F5A5D8}"
EndProject
Project("{FAE04EC0-301F-11D3-BF4B-00C04F79EFBC}") = "DynamicFormsApp.Shared", "DynamicFormsApp\Shared\DynamicFormsApp.Shared.csproj", "{E6332DF0-B397-4C28-9A58-67FD067B25DE}"
EndProject
Global
	GlobalSection(SolutionConfigurationPlatforms) = preSolution
		Debug|Any CPU = Debug|Any CPU
		Release|Any CPU = Release|Any CPU
	EndGlobalSection
	GlobalSection(ProjectConfigurationPlatforms) = postSolution
		{4363AF4B-645E-4971-B3D8-69C267C6CE32}.Debug|Any CPU.ActiveCfg = Debug|Any CPU
		{4363AF4B-645E-4971-B3D8-69C267C6CE32}.Debug|Any CPU.Build.0 = Debug|Any CPU
		{4363AF4B-645E-4971-B3D8-69C267C6CE32}.Release|Any CPU.ActiveCfg = Release|Any CPU
		{4363AF4B-645E-4971-B3D8-69C267C6CE32}.Release|Any CPU.Build.0 = Release|Any CPU
		{C6DE6B14-B76A-43F1-BAED-4D3F32F5A5D8}.Debug|Any CPU.ActiveCfg = Debug|Any CPU
		{C6DE6B14-B76A-43F1-BAED-4D3F32F5A5D8}.Debug|Any CPU.Build.0 = Debug|Any CPU
		{C6DE6B14-B76A-43F1-BAED-4D3F32F5A5D8}.Release|Any CPU.ActiveCfg = Release|Any CPU
		{C6DE6B14-B76A-43F1-BAED-4D3F32F5A5D8}.Release|Any CPU.Build.0 = Release|Any CPU
		{E6332DF0-B397-4C28-9A58-67FD067B25DE}.Debug|Any CPU.ActiveCfg = Debug|Any CPU
		{E6332DF0-B397-4C28-9A58-67FD067B25DE}.Debug|Any CPU.Build.0 = Debug|Any CPU
		{E6332DF0-B397-4C28-9A58-67FD067B25DE}.Release|Any CPU.ActiveCfg = Release|Any CPU
		{E6332DF0-B397-4C28-9A58-67FD067B25DE}.Release|Any CPU.Build.0 = Release|Any CPU
	EndGlobalSection
	GlobalSection(SolutionProperties) = preSolution
		HideSolutionNode = FALSE
	EndGlobalSection
	GlobalSection(ExtensibilityGlobals) = postSolution
		SolutionGuid = {7A3B4A68-3DDD-41D1-9B82-BBD0C224B670}
	EndGlobalSection
EndGlobal
